
Microsoft Visual Studio Solution File, Format Version 12.00
# Visual Studio Version 16
VisualStudioVersion = 16.0.30621.155
MinimumVisualStudioVersion = 10.0.40219.1
Project("{FAE04EC0-301F-11D3-BF4B-00C04F79EFBC}") = "5951071019_DinhXuanGiang", "5951071019_DinhXuanGiang\5951071019_DinhXuanGiang.csproj", "{8A00B72D-98FE-4906-8D21-110317E82C47}"
EndProject
Global
	GlobalSection(SolutionConfigurationPlatforms) = preSolution
		Debug|Any CPU = Debug|Any CPU
		Release|Any CPU = Release|Any CPU
	EndGlobalSection
	GlobalSection(ProjectConfigurationPlatforms) = postSolution
		{8A00B72D-98FE-4906-8D21-110317E82C47}.Debug|Any CPU.ActiveCfg = Debug|Any CPU
		{8A00B72D-98FE-4906-8D21-110317E82C47}.Debug|Any CPU.Build.0 = Debug|Any CPU
		{8A00B72D-98FE-4906-8D21-110317E82C47}.Release|Any CPU.ActiveCfg = Release|Any CPU
		{8A00B72D-98FE-4906-8D21-110317E82C47}.Release|Any CPU.Build.0 = Release|Any CPU
	EndGlobalSection
	GlobalSection(SolutionProperties) = preSolution
		HideSolutionNode = FALSE
	EndGlobalSection
	GlobalSection(ExtensibilityGlobals) = postSolution
		SolutionGuid = {8DF2A576-B786-41C9-B9C5-8835BC372CB3}
	EndGlobalSection
EndGlobal
